
Microsoft Visual Studio Solution File, Format Version 12.00
# Visual Studio 2015
Project("{FAE04EC0-301F-11D3-BF4B-00C04F79EFBC}") = "TNodeBasedEditor.CSharp", "TNodeBasedEditor.CSharp.csproj", "{0A8F51D7-2FB2-47C5-B926-56AF1B70C4A3}"
EndProject
Project("{FAE04EC0-301F-11D3-BF4B-00C04F79EFBC}") = "TNodeBasedEditor.CSharp.Editor", "TNodeBasedEditor.CSharp.Editor.csproj", "{C7BD3971-481E-4750-AB29-E99AEAEEAC7F}"
EndProject
Global
	GlobalSection(SolutionConfigurationPlatforms) = preSolution
		Debug|Any CPU = Debug|Any CPU
		Release|Any CPU = Release|Any CPU
	EndGlobalSection
	GlobalSection(ProjectConfigurationPlatforms) = postSolution
		{0A8F51D7-2FB2-47C5-B926-56AF1B70C4A3}.Debug|Any CPU.ActiveCfg = Debug|Any CPU
		{0A8F51D7-2FB2-47C5-B926-56AF1B70C4A3}.Debug|Any CPU.Build.0 = Debug|Any CPU
		{0A8F51D7-2FB2-47C5-B926-56AF1B70C4A3}.Release|Any CPU.ActiveCfg = Release|Any CPU
		{0A8F51D7-2FB2-47C5-B926-56AF1B70C4A3}.Release|Any CPU.Build.0 = Release|Any CPU
		{C7BD3971-481E-4750-AB29-E99AEAEEAC7F}.Debug|Any CPU.ActiveCfg = Debug|Any CPU
		{C7BD3971-481E-4750-AB29-E99AEAEEAC7F}.Debug|Any CPU.Build.0 = Debug|Any CPU
		{C7BD3971-481E-4750-AB29-E99AEAEEAC7F}.Release|Any CPU.ActiveCfg = Release|Any CPU
		{C7BD3971-481E-4750-AB29-E99AEAEEAC7F}.Release|Any CPU.Build.0 = Release|Any CPU
	EndGlobalSection
	GlobalSection(SolutionProperties) = preSolution
		HideSolutionNode = FALSE
	EndGlobalSection
EndGlobal
